// !$*UTF8*$!
{
	archiveVersion = 1;
	classes = {
	};
	objectVersion = 46;
	objects = {

/* Begin PBXBuildFile section */
		DB51F1881CA48FF8006B3A5A /* AppDelegate.swift in Sources */ = {isa = PBXBuildFile; fileRef = DB51F1871CA48FF8006B3A5A /* AppDelegate.swift */; };
		DB51F18A1CA48FF8006B3A5A /* NearbyViewController.swift in Sources */ = {isa = PBXBuildFile; fileRef = DB51F1891CA48FF8006B3A5A /* NearbyViewController.swift */; };
		DB51F1911CA48FF9006B3A5A /* Assets.xcassets in Resources */ = {isa = PBXBuildFile; fileRef = DB51F1901CA48FF9006B3A5A /* Assets.xcassets */; };
		DB51F19F1CA48FF9006B3A5A /* FristrationsTests.swift in Sources */ = {isa = PBXBuildFile; fileRef = DB51F19E1CA48FF9006B3A5A /* FristrationsTests.swift */; };
		DB51F1AA1CA48FF9006B3A5A /* FristrationsUITests.swift in Sources */ = {isa = PBXBuildFile; fileRef = DB51F1A91CA48FF9006B3A5A /* FristrationsUITests.swift */; };
		DB6A83111CAA482800F4FBD4 /* Default-568h@2x.png in Resources */ = {isa = PBXBuildFile; fileRef = DB6A83101CAA482800F4FBD4 /* Default-568h@2x.png */; };
		DBDB5C931CA751A400B359AA /* SettingsViewController.swift in Sources */ = {isa = PBXBuildFile; fileRef = DBDB5C921CA751A400B359AA /* SettingsViewController.swift */; };
		DBDB5C951CA751D700B359AA /* SearchViewController.swift in Sources */ = {isa = PBXBuildFile; fileRef = DBDB5C941CA751D700B359AA /* SearchViewController.swift */; };
		DBDB5C971CA751FD00B359AA /* MoreViewController.swift in Sources */ = {isa = PBXBuildFile; fileRef = DBDB5C961CA751FD00B359AA /* MoreViewController.swift */; };
		DBDB5C991CA8B0AF00B359AA /* Firebase.framework in Frameworks */ = {isa = PBXBuildFile; fileRef = DBDB5C981CA8B0AF00B359AA /* Firebase.framework */; };
		DBDB5C9B1CA8B12700B359AA /* Security.framework in Frameworks */ = {isa = PBXBuildFile; fileRef = DBDB5C9A1CA8B12700B359AA /* Security.framework */; };
		DBDB5C9D1CA8B13300B359AA /* SystemConfiguration.framework in Frameworks */ = {isa = PBXBuildFile; fileRef = DBDB5C9C1CA8B13300B359AA /* SystemConfiguration.framework */; };
		DBDB5C9F1CA8B14400B359AA /* CFNetwork.framework in Frameworks */ = {isa = PBXBuildFile; fileRef = DBDB5C9E1CA8B14400B359AA /* CFNetwork.framework */; };
		DBDB5CA51CA8B26700B359AA /* libicucore.tbd in Frameworks */ = {isa = PBXBuildFile; fileRef = DBDB5CA41CA8B26700B359AA /* libicucore.tbd */; };
		DBDB5CA71CA8B26F00B359AA /* libc++.tbd in Frameworks */ = {isa = PBXBuildFile; fileRef = DBDB5CA61CA8B26F00B359AA /* libc++.tbd */; };
/* End PBXBuildFile section */

/* Begin PBXContainerItemProxy section */
		DB51F19B1CA48FF9006B3A5A /* PBXContainerItemProxy */ = {
			isa = PBXContainerItemProxy;
			containerPortal = DB51F17C1CA48FF8006B3A5A /* Project object */;
			proxyType = 1;
			remoteGlobalIDString = DB51F1831CA48FF8006B3A5A;
			remoteInfo = Fristrations;
		};
		DB51F1A61CA48FF9006B3A5A /* PBXContainerItemProxy */ = {
			isa = PBXContainerItemProxy;
			containerPortal = DB51F17C1CA48FF8006B3A5A /* Project object */;
			proxyType = 1;
			remoteGlobalIDString = DB51F1831CA48FF8006B3A5A;
			remoteInfo = Fristrations;
		};
/* End PBXContainerItemProxy section */

/* Begin PBXFileReference section */
		DB51F1841CA48FF8006B3A5A /* Fristrations.app */ = {isa = PBXFileReference; explicitFileType = wrapper.application; includeInIndex = 0; path = Fristrations.app; sourceTree = BUILT_PRODUCTS_DIR; };
		DB51F1871CA48FF8006B3A5A /* AppDelegate.swift */ = {isa = PBXFileReference; lastKnownFileType = sourcecode.swift; path = AppDelegate.swift; sourceTree = "<group>"; };
		DB51F1891CA48FF8006B3A5A /* NearbyViewController.swift */ = {isa = PBXFileReference; lastKnownFileType = sourcecode.swift; path = NearbyViewController.swift; sourceTree = "<group>"; };
		DB51F1901CA48FF9006B3A5A /* Assets.xcassets */ = {isa = PBXFileReference; lastKnownFileType = folder.assetcatalog; path = Assets.xcassets; sourceTree = "<group>"; };
		DB51F1951CA48FF9006B3A5A /* Info.plist */ = {isa = PBXFileReference; lastKnownFileType = text.plist.xml; path = Info.plist; sourceTree = "<group>"; };
		DB51F19A1CA48FF9006B3A5A /* FristrationsTests.xctest */ = {isa = PBXFileReference; explicitFileType = wrapper.cfbundle; includeInIndex = 0; path = FristrationsTests.xctest; sourceTree = BUILT_PRODUCTS_DIR; };
		DB51F19E1CA48FF9006B3A5A /* FristrationsTests.swift */ = {isa = PBXFileReference; lastKnownFileType = sourcecode.swift; path = FristrationsTests.swift; sourceTree = "<group>"; };
		DB51F1A01CA48FF9006B3A5A /* Info.plist */ = {isa = PBXFileReference; lastKnownFileType = text.plist.xml; path = Info.plist; sourceTree = "<group>"; };
		DB51F1A51CA48FF9006B3A5A /* FristrationsUITests.xctest */ = {isa = PBXFileReference; explicitFileType = wrapper.cfbundle; includeInIndex = 0; path = FristrationsUITests.xctest; sourceTree = BUILT_PRODUCTS_DIR; };
		DB51F1A91CA48FF9006B3A5A /* FristrationsUITests.swift */ = {isa = PBXFileReference; lastKnownFileType = sourcecode.swift; path = FristrationsUITests.swift; sourceTree = "<group>"; };
		DB51F1AB1CA48FF9006B3A5A /* Info.plist */ = {isa = PBXFileReference; lastKnownFileType = text.plist.xml; path = Info.plist; sourceTree = "<group>"; };
		DB6A830F1CAA482700F4FBD4 /* Default-568h@2x.png */ = {isa = PBXFileReference; lastKnownFileType = image.png; path = "Default-568h@2x.png"; sourceTree = "<group>"; };
		DB6A83101CAA482800F4FBD4 /* Default-568h@2x.png */ = {isa = PBXFileReference; lastKnownFileType = image.png; path = "Default-568h@2x.png"; sourceTree = "<group>"; };
		DBDB5C921CA751A400B359AA /* SettingsViewController.swift */ = {isa = PBXFileReference; fileEncoding = 4; lastKnownFileType = sourcecode.swift; path = SettingsViewController.swift; sourceTree = "<group>"; };
		DBDB5C941CA751D700B359AA /* SearchViewController.swift */ = {isa = PBXFileReference; fileEncoding = 4; lastKnownFileType = sourcecode.swift; path = SearchViewController.swift; sourceTree = "<group>"; };
		DBDB5C961CA751FD00B359AA /* MoreViewController.swift */ = {isa = PBXFileReference; fileEncoding = 4; lastKnownFileType = sourcecode.swift; path = MoreViewController.swift; sourceTree = "<group>"; };
		DBDB5C981CA8B0AF00B359AA /* Firebase.framework */ = {isa = PBXFileReference; lastKnownFileType = wrapper.framework; path = Firebase.framework; sourceTree = "<group>"; };
		DBDB5C9A1CA8B12700B359AA /* Security.framework */ = {isa = PBXFileReference; lastKnownFileType = wrapper.framework; name = Security.framework; path = System/Library/Frameworks/Security.framework; sourceTree = SDKROOT; };
		DBDB5C9C1CA8B13300B359AA /* SystemConfiguration.framework */ = {isa = PBXFileReference; lastKnownFileType = wrapper.framework; name = SystemConfiguration.framework; path = System/Library/Frameworks/SystemConfiguration.framework; sourceTree = SDKROOT; };
		DBDB5C9E1CA8B14400B359AA /* CFNetwork.framework */ = {isa = PBXFileReference; lastKnownFileType = wrapper.framework; name = CFNetwork.framework; path = System/Library/Frameworks/CFNetwork.framework; sourceTree = SDKROOT; };
		DBDB5CA41CA8B26700B359AA /* libicucore.tbd */ = {isa = PBXFileReference; lastKnownFileType = "sourcecode.text-based-dylib-definition"; name = libicucore.tbd; path = usr/lib/libicucore.tbd; sourceTree = SDKROOT; };
		DBDB5CA61CA8B26F00B359AA /* libc++.tbd */ = {isa = PBXFileReference; lastKnownFileType = "sourcecode.text-based-dylib-definition"; name = "libc++.tbd"; path = "usr/lib/libc++.tbd"; sourceTree = SDKROOT; };
		DBDB5CA81CA8B5E400B359AA /* Fristrations-Bridging-Header.h */ = {isa = PBXFileReference; lastKnownFileType = sourcecode.c.h; path = "Fristrations-Bridging-Header.h"; sourceTree = "<group>"; };
/* End PBXFileReference section */

/* Begin PBXFrameworksBuildPhase section */
		DB51F1811CA48FF8006B3A5A /* Frameworks */ = {
			isa = PBXFrameworksBuildPhase;
			buildActionMask = 2147483647;
			files = (
				DBDB5CA71CA8B26F00B359AA /* libc++.tbd in Frameworks */,
				DBDB5CA51CA8B26700B359AA /* libicucore.tbd in Frameworks */,
				DBDB5C9F1CA8B14400B359AA /* CFNetwork.framework in Frameworks */,
				DBDB5C9D1CA8B13300B359AA /* SystemConfiguration.framework in Frameworks */,
				DBDB5C9B1CA8B12700B359AA /* Security.framework in Frameworks */,
				DBDB5C991CA8B0AF00B359AA /* Firebase.framework in Frameworks */,
			);
			runOnlyForDeploymentPostprocessing = 0;
		};
		DB51F1971CA48FF9006B3A5A /* Frameworks */ = {
			isa = PBXFrameworksBuildPhase;
			buildActionMask = 2147483647;
			files = (
			);
			runOnlyForDeploymentPostprocessing = 0;
		};
		DB51F1A21CA48FF9006B3A5A /* Frameworks */ = {
			isa = PBXFrameworksBuildPhase;
			buildActionMask = 2147483647;
			files = (
			);
			runOnlyForDeploymentPostprocessing = 0;
		};
/* End PBXFrameworksBuildPhase section */

/* Begin PBXGroup section */
		DB51F17B1CA48FF8006B3A5A = {
			isa = PBXGroup;
			children = (
				DB6A83101CAA482800F4FBD4 /* Default-568h@2x.png */,
				DB6A830F1CAA482700F4FBD4 /* Default-568h@2x.png */,
				DBDB5CA61CA8B26F00B359AA /* libc++.tbd */,
				DBDB5CA41CA8B26700B359AA /* libicucore.tbd */,
				DBDB5C9E1CA8B14400B359AA /* CFNetwork.framework */,
				DBDB5C9C1CA8B13300B359AA /* SystemConfiguration.framework */,
				DBDB5C9A1CA8B12700B359AA /* Security.framework */,
				DB51F1861CA48FF8006B3A5A /* Fristrations */,
				DB51F19D1CA48FF9006B3A5A /* FristrationsTests */,
				DB51F1A81CA48FF9006B3A5A /* FristrationsUITests */,
				DB51F1851CA48FF8006B3A5A /* Products */,
			);
			sourceTree = "<group>";
		};
		DB51F1851CA48FF8006B3A5A /* Products */ = {
			isa = PBXGroup;
			children = (
				DB51F1841CA48FF8006B3A5A /* Fristrations.app */,
				DB51F19A1CA48FF9006B3A5A /* FristrationsTests.xctest */,
				DB51F1A51CA48FF9006B3A5A /* FristrationsUITests.xctest */,
			);
			name = Products;
			sourceTree = "<group>";
		};
		DB51F1861CA48FF8006B3A5A /* Fristrations */ = {
			isa = PBXGroup;
			children = (
				DB51F1871CA48FF8006B3A5A /* AppDelegate.swift */,
				DB51F1891CA48FF8006B3A5A /* NearbyViewController.swift */,
				DBDB5C921CA751A400B359AA /* SettingsViewController.swift */,
				DBDB5C941CA751D700B359AA /* SearchViewController.swift */,
				DBDB5C961CA751FD00B359AA /* MoreViewController.swift */,
				DBDB5C981CA8B0AF00B359AA /* Firebase.framework */,
				DB51F1901CA48FF9006B3A5A /* Assets.xcassets */,
				DB51F1951CA48FF9006B3A5A /* Info.plist */,
				DBDB5CA81CA8B5E400B359AA /* Fristrations-Bridging-Header.h */,
			);
			path = Fristrations;
			sourceTree = "<group>";
		};
		DB51F19D1CA48FF9006B3A5A /* FristrationsTests */ = {
			isa = PBXGroup;
			children = (
				DB51F19E1CA48FF9006B3A5A /* FristrationsTests.swift */,
				DB51F1A01CA48FF9006B3A5A /* Info.plist */,
			);
			path = FristrationsTests;
			sourceTree = "<group>";
		};
		DB51F1A81CA48FF9006B3A5A /* FristrationsUITests */ = {
			isa = PBXGroup;
			children = (
				DB51F1A91CA48FF9006B3A5A /* FristrationsUITests.swift */,
				DB51F1AB1CA48FF9006B3A5A /* Info.plist */,
			);
			path = FristrationsUITests;
			sourceTree = "<group>";
		};
/* End PBXGroup section */

/* Begin PBXNativeTarget section */
		DB51F1831CA48FF8006B3A5A /* Fristrations */ = {
			isa = PBXNativeTarget;
			buildConfigurationList = DB51F1AE1CA48FF9006B3A5A /* Build configuration list for PBXNativeTarget "Fristrations" */;
			buildPhases = (
				DB51F1801CA48FF8006B3A5A /* Sources */,
				DB51F1811CA48FF8006B3A5A /* Frameworks */,
				DB51F1821CA48FF8006B3A5A /* Resources */,
			);
			buildRules = (
			);
			dependencies = (
			);
			name = Fristrations;
			productName = Fristrations;
			productReference = DB51F1841CA48FF8006B3A5A /* Fristrations.app */;
			productType = "com.apple.product-type.application";
		};
		DB51F1991CA48FF9006B3A5A /* FristrationsTests */ = {
			isa = PBXNativeTarget;
			buildConfigurationList = DB51F1B11CA48FF9006B3A5A /* Build configuration list for PBXNativeTarget "FristrationsTests" */;
			buildPhases = (
				DB51F1961CA48FF9006B3A5A /* Sources */,
				DB51F1971CA48FF9006B3A5A /* Frameworks */,
				DB51F1981CA48FF9006B3A5A /* Resources */,
			);
			buildRules = (
			);
			dependencies = (
				DB51F19C1CA48FF9006B3A5A /* PBXTargetDependency */,
			);
			name = FristrationsTests;
			productName = FristrationsTests;
			productReference = DB51F19A1CA48FF9006B3A5A /* FristrationsTests.xctest */;
			productType = "com.apple.product-type.bundle.unit-test";
		};
		DB51F1A41CA48FF9006B3A5A /* FristrationsUITests */ = {
			isa = PBXNativeTarget;
			buildConfigurationList = DB51F1B41CA48FF9006B3A5A /* Build configuration list for PBXNativeTarget "FristrationsUITests" */;
			buildPhases = (
				DB51F1A11CA48FF9006B3A5A /* Sources */,
				DB51F1A21CA48FF9006B3A5A /* Frameworks */,
				DB51F1A31CA48FF9006B3A5A /* Resources */,
			);
			buildRules = (
			);
			dependencies = (
				DB51F1A71CA48FF9006B3A5A /* PBXTargetDependency */,
			);
			name = FristrationsUITests;
			productName = FristrationsUITests;
			productReference = DB51F1A51CA48FF9006B3A5A /* FristrationsUITests.xctest */;
			productType = "com.apple.product-type.bundle.ui-testing";
		};
/* End PBXNativeTarget section */

/* Begin PBXProject section */
		DB51F17C1CA48FF8006B3A5A /* Project object */ = {
			isa = PBXProject;
			attributes = {
				LastSwiftUpdateCheck = 0720;
				LastUpgradeCheck = 0720;
				ORGANIZATIONNAME = "Stephanie Liu";
				TargetAttributes = {
					DB51F1831CA48FF8006B3A5A = {
						CreatedOnToolsVersion = 7.2.1;
					};
					DB51F1991CA48FF9006B3A5A = {
						CreatedOnToolsVersion = 7.2.1;
						TestTargetID = DB51F1831CA48FF8006B3A5A;
					};
					DB51F1A41CA48FF9006B3A5A = {
						CreatedOnToolsVersion = 7.2.1;
						TestTargetID = DB51F1831CA48FF8006B3A5A;
					};
				};
			};
			buildConfigurationList = DB51F17F1CA48FF8006B3A5A /* Build configuration list for PBXProject "Fristrations" */;
			compatibilityVersion = "Xcode 3.2";
			developmentRegion = English;
			hasScannedForEncodings = 0;
			knownRegions = (
				en,
				Base,
			);
			mainGroup = DB51F17B1CA48FF8006B3A5A;
			productRefGroup = DB51F1851CA48FF8006B3A5A /* Products */;
			projectDirPath = "";
			projectRoot = "";
			targets = (
				DB51F1831CA48FF8006B3A5A /* Fristrations */,
				DB51F1991CA48FF9006B3A5A /* FristrationsTests */,
				DB51F1A41CA48FF9006B3A5A /* FristrationsUITests */,
			);
		};
/* End PBXProject section */

/* Begin PBXResourcesBuildPhase section */
		DB51F1821CA48FF8006B3A5A /* Resources */ = {
			isa = PBXResourcesBuildPhase;
			buildActionMask = 2147483647;
			files = (
				DB51F1911CA48FF9006B3A5A /* Assets.xcassets in Resources */,
				DB6A83111CAA482800F4FBD4 /* Default-568h@2x.png in Resources */,
			);
			runOnlyForDeploymentPostprocessing = 0;
		};
		DB51F1981CA48FF9006B3A5A /* Resources */ = {
			isa = PBXResourcesBuildPhase;
			buildActionMask = 2147483647;
			files = (
			);
			runOnlyForDeploymentPostprocessing = 0;
		};
		DB51F1A31CA48FF9006B3A5A /* Resources */ = {
			isa = PBXResourcesBuildPhase;
			buildActionMask = 2147483647;
			files = (
			);
			runOnlyForDeploymentPostprocessing = 0;
		};
/* End PBXResourcesBuildPhase section */

/* Begin PBXSourcesBuildPhase section */
		DB51F1801CA48FF8006B3A5A /* Sources */ = {
			isa = PBXSourcesBuildPhase;
			buildActionMask = 2147483647;
			files = (
				DBDB5C951CA751D700B359AA /* SearchViewController.swift in Sources */,
				DB51F1881CA48FF8006B3A5A /* AppDelegate.swift in Sources */,
				DBDB5C971CA751FD00B359AA /* MoreViewController.swift in Sources */,
				DB51F18A1CA48FF8006B3A5A /* NearbyViewController.swift in Sources */,
				DBDB5C931CA751A400B359AA /* SettingsViewController.swift in Sources */,
			);
			runOnlyForDeploymentPostprocessing = 0;
		};
		DB51F1961CA48FF9006B3A5A /* Sources */ = {
			isa = PBXSourcesBuildPhase;
			buildActionMask = 2147483647;
			files = (
				DB51F19F1CA48FF9006B3A5A /* FristrationsTests.swift in Sources */,
			);
			runOnlyForDeploymentPostprocessing = 0;
		};
		DB51F1A11CA48FF9006B3A5A /* Sources */ = {
			isa = PBXSourcesBuildPhase;
			buildActionMask = 2147483647;
			files = (
				DB51F1AA1CA48FF9006B3A5A /* FristrationsUITests.swift in Sources */,
			);
			runOnlyForDeploymentPostprocessing = 0;
		};
/* End PBXSourcesBuildPhase section */

/* Begin PBXTargetDependency section */
		DB51F19C1CA48FF9006B3A5A /* PBXTargetDependency */ = {
			isa = PBXTargetDependency;
			target = DB51F1831CA48FF8006B3A5A /* Fristrations */;
			targetProxy = DB51F19B1CA48FF9006B3A5A /* PBXContainerItemProxy */;
		};
		DB51F1A71CA48FF9006B3A5A /* PBXTargetDependency */ = {
			isa = PBXTargetDependency;
			target = DB51F1831CA48FF8006B3A5A /* Fristrations */;
			targetProxy = DB51F1A61CA48FF9006B3A5A /* PBXContainerItemProxy */;
		};
/* End PBXTargetDependency section */

/* Begin XCBuildConfiguration section */
		DB51F1AC1CA48FF9006B3A5A /* Debug */ = {
			isa = XCBuildConfiguration;
			buildSettings = {
				ALWAYS_SEARCH_USER_PATHS = NO;
				CLANG_CXX_LANGUAGE_STANDARD = "gnu++0x";
				CLANG_CXX_LIBRARY = "libc++";
				CLANG_ENABLE_MODULES = YES;
				CLANG_ENABLE_OBJC_ARC = YES;
				CLANG_WARN_BOOL_CONVERSION = YES;
				CLANG_WARN_CONSTANT_CONVERSION = YES;
				CLANG_WARN_DIRECT_OBJC_ISA_USAGE = YES_ERROR;
				CLANG_WARN_EMPTY_BODY = YES;
				CLANG_WARN_ENUM_CONVERSION = YES;
				CLANG_WARN_INT_CONVERSION = YES;
				CLANG_WARN_OBJC_ROOT_CLASS = YES_ERROR;
				CLANG_WARN_UNREACHABLE_CODE = YES;
				CLANG_WARN__DUPLICATE_METHOD_MATCH = YES;
				"CODE_SIGN_IDENTITY[sdk=iphoneos*]" = "iPhone Developer";
				COPY_PHASE_STRIP = NO;
				DEBUG_INFORMATION_FORMAT = dwarf;
				ENABLE_STRICT_OBJC_MSGSEND = YES;
				ENABLE_TESTABILITY = YES;
				GCC_C_LANGUAGE_STANDARD = gnu99;
				GCC_DYNAMIC_NO_PIC = NO;
				GCC_NO_COMMON_BLOCKS = YES;
				GCC_OPTIMIZATION_LEVEL = 0;
				GCC_PREPROCESSOR_DEFINITIONS = (
					"DEBUG=1",
					"$(inherited)",
				);
				GCC_WARN_64_TO_32_BIT_CONVERSION = YES;
				GCC_WARN_ABOUT_RETURN_TYPE = YES_ERROR;
				GCC_WARN_UNDECLARED_SELECTOR = YES;
				GCC_WARN_UNINITIALIZED_AUTOS = YES_AGGRESSIVE;
				GCC_WARN_UNUSED_FUNCTION = YES;
				GCC_WARN_UNUSED_VARIABLE = YES;
				IPHONEOS_DEPLOYMENT_TARGET = 9.2;
				MTL_ENABLE_DEBUG_INFO = YES;
				ONLY_ACTIVE_ARCH = YES;
				SDKROOT = iphoneos;
				SWIFT_OPTIMIZATION_LEVEL = "-Onone";
				TARGETED_DEVICE_FAMILY = "1,2";
			};
			name = Debug;
		};
		DB51F1AD1CA48FF9006B3A5A /* Release */ = {
			isa = XCBuildConfiguration;
			buildSettings = {
				ALWAYS_SEARCH_USER_PATHS = NO;
				CLANG_CXX_LANGUAGE_STANDARD = "gnu++0x";
				CLANG_CXX_LIBRARY = "libc++";
				CLANG_ENABLE_MODULES = YES;
				CLANG_ENABLE_OBJC_ARC = YES;
				CLANG_WARN_BOOL_CONVERSION = YES;
				CLANG_WARN_CONSTANT_CONVERSION = YES;
				CLANG_WARN_DIRECT_OBJC_ISA_USAGE = YES_ERROR;
				CLANG_WARN_EMPTY_BODY = YES;
				CLANG_WARN_ENUM_CONVERSION = YES;
				CLANG_WARN_INT_CONVERSION = YES;
				CLANG_WARN_OBJC_ROOT_CLASS = YES_ERROR;
				CLANG_WARN_UNREACHABLE_CODE = YES;
				CLANG_WARN__DUPLICATE_METHOD_MATCH = YES;
				"CODE_SIGN_IDENTITY[sdk=iphoneos*]" = "iPhone Developer";
				COPY_PHASE_STRIP = NO;
				DEBUG_INFORMATION_FORMAT = "dwarf-with-dsym";
				ENABLE_NS_ASSERTIONS = NO;
				ENABLE_STRICT_OBJC_MSGSEND = YES;
				GCC_C_LANGUAGE_STANDARD = gnu99;
				GCC_NO_COMMON_BLOCKS = YES;
				GCC_WARN_64_TO_32_BIT_CONVERSION = YES;
				GCC_WARN_ABOUT_RETURN_TYPE = YES_ERROR;
				GCC_WARN_UNDECLARED_SELECTOR = YES;
				GCC_WARN_UNINITIALIZED_AUTOS = YES_AGGRESSIVE;
				GCC_WARN_UNUSED_FUNCTION = YES;
				GCC_WARN_UNUSED_VARIABLE = YES;
				IPHONEOS_DEPLOYMENT_TARGET = 9.2;
				MTL_ENABLE_DEBUG_INFO = NO;
				SDKROOT = iphoneos;
				TARGETED_DEVICE_FAMILY = "1,2";
				VALIDATE_PRODUCT = YES;
			};
			name = Release;
		};
		DB51F1AF1CA48FF9006B3A5A /* Debug */ = {
			isa = XCBuildConfiguration;
			buildSettings = {
				ASSETCATALOG_COMPILER_APPICON_NAME = AppIcon;
				CLANG_ENABLE_MODULES = YES;
				FRAMEWORK_SEARCH_PATHS = (
					"$(inherited)",
					"$(PROJECT_DIR)/Fristrations",
				);
				INFOPLIST_FILE = Fristrations/Info.plist;
				LD_RUNPATH_SEARCH_PATHS = "$(inherited) @executable_path/Frameworks";
				"OTHER_LDFLAGS[arch=*]" = "-ObjC";
				PRODUCT_BUNDLE_IDENTIFIER = Princeton.Fristrations;
				PRODUCT_NAME = "$(TARGET_NAME)";
				SWIFT_OBJC_BRIDGING_HEADER = "Fristrations/Fristrations-Bridging-Header.h";
				SWIFT_OPTIMIZATION_LEVEL = "-Onone";
			};
			name = Debug;
		};
		DB51F1B01CA48FF9006B3A5A /* Release */ = {
			isa = XCBuildConfiguration;
			buildSettings = {
				ASSETCATALOG_COMPILER_APPICON_NAME = AppIcon;
				CLANG_ENABLE_MODULES = YES;
				FRAMEWORK_SEARCH_PATHS = (
					"$(inherited)",
					"$(PROJECT_DIR)/Fristrations",
				);
				INFOPLIST_FILE = Fristrations/Info.plist;
				LD_RUNPATH_SEARCH_PATHS = "$(inherited) @executable_path/Frameworks";
				"OTHER_LDFLAGS[arch=*]" = "-ObjC";
				PRODUCT_BUNDLE_IDENTIFIER = Princeton.Fristrations;
				PRODUCT_NAME = "$(TARGET_NAME)";
				SWIFT_OBJC_BRIDGING_HEADER = "Fristrations/Fristrations-Bridging-Header.h";
			};
			name = Release;
		};
		DB51F1B21CA48FF9006B3A5A /* Debug */ = {
			isa = XCBuildConfiguration;
			buildSettings = {
				BUNDLE_LOADER = "$(TEST_HOST)";
				INFOPLIST_FILE = FristrationsTests/Info.plist;
				LD_RUNPATH_SEARCH_PATHS = "$(inherited) @executable_path/Frameworks @loader_path/Frameworks";
				PRODUCT_BUNDLE_IDENTIFIER = Princeton.FristrationsTests;
				PRODUCT_NAME = "$(TARGET_NAME)";
				TEST_HOST = "$(BUILT_PRODUCTS_DIR)/Fristrations.app/Fristrations";
			};
			name = Debug;
		};
		DB51F1B31CA48FF9006B3A5A /* Release */ = {
			isa = XCBuildConfiguration;
			buildSettings = {
				BUNDLE_LOADER = "$(TEST_HOST)";
				INFOPLIST_FILE = FristrationsTests/Info.plist;
				LD_RUNPATH_SEARCH_PATHS = "$(inherited) @executable_path/Frameworks @loader_path/Frameworks";
				PRODUCT_BUNDLE_IDENTIFIER = Princeton.FristrationsTests;
				PRODUCT_NAME = "$(TARGET_NAME)";
				TEST_HOST = "$(BUILT_PRODUCTS_DIR)/Fristrations.app/Fristrations";
			};
			name = Release;
		};
		DB51F1B51CA48FF9006B3A5A /* Debug */ = {
			isa = XCBuildConfiguration;
			buildSettings = {
				INFOPLIST_FILE = FristrationsUITests/Info.plist;
				LD_RUNPATH_SEARCH_PATHS = "$(inherited) @executable_path/Frameworks @loader_path/Frameworks";
				PRODUCT_BUNDLE_IDENTIFIER = Princeton.FristrationsUITests;
				PRODUCT_NAME = "$(TARGET_NAME)";
				TEST_TARGET_NAME = Fristrations;
				USES_XCTRUNNER = YES;
			};
			name = Debug;
		};
		DB51F1B61CA48FF9006B3A5A /* Release */ = {
			isa = XCBuildConfiguration;
			buildSettings = {
				INFOPLIST_FILE = FristrationsUITests/Info.plist;
				LD_RUNPATH_SEARCH_PATHS = "$(inherited) @executable_path/Frameworks @loader_path/Frameworks";
				PRODUCT_BUNDLE_IDENTIFIER = Princeton.FristrationsUITests;
				PRODUCT_NAME = "$(TARGET_NAME)";
				TEST_TARGET_NAME = Fristrations;
				USES_XCTRUNNER = YES;
			};
			name = Release;
		};
/* End XCBuildConfiguration section */

/* Begin XCConfigurationList section */
		DB51F17F1CA48FF8006B3A5A /* Build configuration list for PBXProject "Fristrations" */ = {
			isa = XCConfigurationList;
			buildConfigurations = (
				DB51F1AC1CA48FF9006B3A5A /* Debug */,
				DB51F1AD1CA48FF9006B3A5A /* Release */,
			);
			defaultConfigurationIsVisible = 0;
			defaultConfigurationName = Release;
		};
		DB51F1AE1CA48FF9006B3A5A /* Build configuration list for PBXNativeTarget "Fristrations" */ = {
			isa = XCConfigurationList;
			buildConfigurations = (
				DB51F1AF1CA48FF9006B3A5A /* Debug */,
				DB51F1B01CA48FF9006B3A5A /* Release */,
			);
			defaultConfigurationIsVisible = 0;
			defaultConfigurationName = Release;
		};
		DB51F1B11CA48FF9006B3A5A /* Build configuration list for PBXNativeTarget "FristrationsTests" */ = {
			isa = XCConfigurationList;
			buildConfigurations = (
				DB51F1B21CA48FF9006B3A5A /* Debug */,
				DB51F1B31CA48FF9006B3A5A /* Release */,
			);
			defaultConfigurationIsVisible = 0;
			defaultConfigurationName = Release;
		};
		DB51F1B41CA48FF9006B3A5A /* Build configuration list for PBXNativeTarget "FristrationsUITests" */ = {
			isa = XCConfigurationList;
			buildConfigurations = (
				DB51F1B51CA48FF9006B3A5A /* Debug */,
				DB51F1B61CA48FF9006B3A5A /* Release */,
			);
			defaultConfigurationIsVisible = 0;
			defaultConfigurationName = Release;
		};
/* End XCConfigurationList section */
	};
	rootObject = DB51F17C1CA48FF8006B3A5A /* Project object */;
}
