// !$*UTF8*$!
{
	archiveVersion = 1;
	classes = {
	};
	objectVersion = 46;
	objects = {

/* Begin PBXBuildFile section */
		46CDAEC47D6813184D25A360 /* Pods_Fristrations.framework in Frameworks */ = {isa = PBXBuildFile; fileRef = F3A8ECBC61DC113CD377DDBB /* Pods_Fristrations.framework */; };
		6443E9C01CD85D9D00667586 /* ReservationsViewController.swift in Sources */ = {isa = PBXBuildFile; fileRef = 6443E9BF1CD85D9D00667586 /* ReservationsViewController.swift */; };
		6443E9C21CD85DB300667586 /* FavoritesViewController.swift in Sources */ = {isa = PBXBuildFile; fileRef = 6443E9C11CD85DB300667586 /* FavoritesViewController.swift */; };
		644A0AD41CBC95CE00846C32 /* RoomInfo.swift in Sources */ = {isa = PBXBuildFile; fileRef = 644A0AD31CBC95CE00846C32 /* RoomInfo.swift */; };
		64E6BF881CC3131F00CD69B8 /* fp200.png in Resources */ = {isa = PBXBuildFile; fileRef = 64E6BF871CC3131F00CD69B8 /* fp200.png */; };
		7702A4081CD1550C0034CD2B /* splash.png in Resources */ = {isa = PBXBuildFile; fileRef = 7702A4071CD1550C0034CD2B /* splash.png */; };
		7709C6561CD3CE4F0048D8F5 /* facebook-icon.png in Resources */ = {isa = PBXBuildFile; fileRef = 7709C6531CD3CE4F0048D8F5 /* facebook-icon.png */; };
		7709C6571CD3CE4F0048D8F5 /* fp200.png in Resources */ = {isa = PBXBuildFile; fileRef = 7709C6541CD3CE4F0048D8F5 /* fp200.png */; };
		7709C6581CD3CE4F0048D8F5 /* splash.png in Resources */ = {isa = PBXBuildFile; fileRef = 7709C6551CD3CE4F0048D8F5 /* splash.png */; };
		7709C65A1CD3D9150048D8F5 /* MoreViewController.swift in Sources */ = {isa = PBXBuildFile; fileRef = 7709C6591CD3D9150048D8F5 /* MoreViewController.swift */; };
		9A0F0E0CED0B07E11D7511E6 /* Pods_FristrationsTests.framework in Frameworks */ = {isa = PBXBuildFile; fileRef = C9E2074BD0096D5228F47BF5 /* Pods_FristrationsTests.framework */; };
		C03DFA2AA0025C2312294815 /* Pods_FristrationsUITests.framework in Frameworks */ = {isa = PBXBuildFile; fileRef = C6688A3CAA796C9279248C3B /* Pods_FristrationsUITests.framework */; };
		DB0968EA1CC714B0008F5D10 /* CustomCell.swift in Sources */ = {isa = PBXBuildFile; fileRef = DB0968E91CC714B0008F5D10 /* CustomCell.swift */; };
		DB11046C1CD8273E004448FB /* UserViewController.swift in Sources */ = {isa = PBXBuildFile; fileRef = DB11046B1CD8273E004448FB /* UserViewController.swift */; };
		DB324BD81CAF90A800019734 /* AppDelegate.swift in Sources */ = {isa = PBXBuildFile; fileRef = DB324BD71CAF90A800019734 /* AppDelegate.swift */; };
		DB324BDF1CAF90A800019734 /* Main.storyboard in Resources */ = {isa = PBXBuildFile; fileRef = DB324BDD1CAF90A800019734 /* Main.storyboard */; };
		DB324BE11CAF90A800019734 /* Assets.xcassets in Resources */ = {isa = PBXBuildFile; fileRef = DB324BE01CAF90A800019734 /* Assets.xcassets */; };
		DB324BE41CAF90A800019734 /* LaunchScreen.storyboard in Resources */ = {isa = PBXBuildFile; fileRef = DB324BE21CAF90A800019734 /* LaunchScreen.storyboard */; };
		DB324BEF1CAF90A800019734 /* FristrationsTests.swift in Sources */ = {isa = PBXBuildFile; fileRef = DB324BEE1CAF90A800019734 /* FristrationsTests.swift */; };
		DB324BFA1CAF90A900019734 /* FristrationsUITests.swift in Sources */ = {isa = PBXBuildFile; fileRef = DB324BF91CAF90A900019734 /* FristrationsUITests.swift */; };
		DB324C081CAF90E000019734 /* CFNetwork.framework in Frameworks */ = {isa = PBXBuildFile; fileRef = DB324C071CAF90E000019734 /* CFNetwork.framework */; };
		DB324C0A1CAF90E900019734 /* SystemConfiguration.framework in Frameworks */ = {isa = PBXBuildFile; fileRef = DB324C091CAF90E900019734 /* SystemConfiguration.framework */; };
		DB324C0C1CAF90F600019734 /* libc++.tbd in Frameworks */ = {isa = PBXBuildFile; fileRef = DB324C0B1CAF90F600019734 /* libc++.tbd */; };
		DB324C0E1CAF90FD00019734 /* libicucore.tbd in Frameworks */ = {isa = PBXBuildFile; fileRef = DB324C0D1CAF90FD00019734 /* libicucore.tbd */; };
		DB324C101CAF910700019734 /* Security.framework in Frameworks */ = {isa = PBXBuildFile; fileRef = DB324C0F1CAF910700019734 /* Security.framework */; };
		DB9590051CB0726F00055E61 /* FirstFloor.swift in Sources */ = {isa = PBXBuildFile; fileRef = DB9590041CB0726F00055E61 /* FirstFloor.swift */; };
		DB9590071CB072F000055E61 /* SecondFloor.swift in Sources */ = {isa = PBXBuildFile; fileRef = DB9590061CB072F000055E61 /* SecondFloor.swift */; };
		DB9590091CB0740A00055E61 /* ThirdFloor.swift in Sources */ = {isa = PBXBuildFile; fileRef = DB9590081CB0740A00055E61 /* ThirdFloor.swift */; };
		DBA4C3261CAF97FA00EFCA8F /* AvailableViewController.swift in Sources */ = {isa = PBXBuildFile; fileRef = DBA4C3251CAF97FA00EFCA8F /* AvailableViewController.swift */; };
		DBA4C3281CAF982000EFCA8F /* DillonViewController.swift in Sources */ = {isa = PBXBuildFile; fileRef = DBA4C3271CAF982000EFCA8F /* DillonViewController.swift */; };
		DBA4C32C1CAF989A00EFCA8F /* BrowseViewController.swift in Sources */ = {isa = PBXBuildFile; fileRef = DBA4C32B1CAF989A00EFCA8F /* BrowseViewController.swift */; };
/* End PBXBuildFile section */

/* Begin PBXContainerItemProxy section */
		DB324BEB1CAF90A800019734 /* PBXContainerItemProxy */ = {
			isa = PBXContainerItemProxy;
			containerPortal = DB324BCC1CAF90A800019734 /* Project object */;
			proxyType = 1;
			remoteGlobalIDString = DB324BD31CAF90A800019734;
			remoteInfo = Fristrations;
		};
		DB324BF61CAF90A900019734 /* PBXContainerItemProxy */ = {
			isa = PBXContainerItemProxy;
			containerPortal = DB324BCC1CAF90A800019734 /* Project object */;
			proxyType = 1;
			remoteGlobalIDString = DB324BD31CAF90A800019734;
			remoteInfo = Fristrations;
		};
/* End PBXContainerItemProxy section */

/* Begin PBXFileReference section */
		5FA2572333D54484B58346B0 /* Pods-FristrationsTests.debug.xcconfig */ = {isa = PBXFileReference; includeInIndex = 1; lastKnownFileType = text.xcconfig; name = "Pods-FristrationsTests.debug.xcconfig"; path = "Pods/Target Support Files/Pods-FristrationsTests/Pods-FristrationsTests.debug.xcconfig"; sourceTree = "<group>"; };
		6443E9BF1CD85D9D00667586 /* ReservationsViewController.swift */ = {isa = PBXFileReference; fileEncoding = 4; lastKnownFileType = sourcecode.swift; path = ReservationsViewController.swift; sourceTree = "<group>"; };
		6443E9C11CD85DB300667586 /* FavoritesViewController.swift */ = {isa = PBXFileReference; fileEncoding = 4; lastKnownFileType = sourcecode.swift; path = FavoritesViewController.swift; sourceTree = "<group>"; };
		644A0AD31CBC95CE00846C32 /* RoomInfo.swift */ = {isa = PBXFileReference; fileEncoding = 4; lastKnownFileType = sourcecode.swift; path = RoomInfo.swift; sourceTree = "<group>"; };
		64E6BF871CC3131F00CD69B8 /* fp200.png */ = {isa = PBXFileReference; lastKnownFileType = image.png; name = fp200.png; path = Images/fp200.png; sourceTree = "<group>"; };
		6CE1D42D1CCF0A3D009F48B5 /* Fristrations.app */ = {isa = PBXFileReference; explicitFileType = wrapper.application; includeInIndex = 0; path = Fristrations.app; sourceTree = BUILT_PRODUCTS_DIR; };
		7702A4051CCFCD900034CD2B /* FristrationsTests.xctest */ = {isa = PBXFileReference; explicitFileType = wrapper.cfbundle; includeInIndex = 0; path = FristrationsTests.xctest; sourceTree = BUILT_PRODUCTS_DIR; };
		7702A4061CCFCD900034CD2B /* FristrationsUITests.xctest */ = {isa = PBXFileReference; explicitFileType = wrapper.cfbundle; includeInIndex = 0; path = FristrationsUITests.xctest; sourceTree = BUILT_PRODUCTS_DIR; };
		7702A4071CD1550C0034CD2B /* splash.png */ = {isa = PBXFileReference; lastKnownFileType = image.png; name = splash.png; path = Fristrations/Images/splash.png; sourceTree = "<group>"; };
		7709C6531CD3CE4F0048D8F5 /* facebook-icon.png */ = {isa = PBXFileReference; lastKnownFileType = image.png; path = "facebook-icon.png"; sourceTree = "<group>"; };
		7709C6541CD3CE4F0048D8F5 /* fp200.png */ = {isa = PBXFileReference; lastKnownFileType = image.png; path = fp200.png; sourceTree = "<group>"; };
		7709C6551CD3CE4F0048D8F5 /* splash.png */ = {isa = PBXFileReference; lastKnownFileType = image.png; path = splash.png; sourceTree = "<group>"; };
		7709C6591CD3D9150048D8F5 /* MoreViewController.swift */ = {isa = PBXFileReference; fileEncoding = 4; lastKnownFileType = sourcecode.swift; path = MoreViewController.swift; sourceTree = "<group>"; };
		95A36F151D372CD2FD99ADF7 /* Pods-FristrationsTests.release.xcconfig */ = {isa = PBXFileReference; includeInIndex = 1; lastKnownFileType = text.xcconfig; name = "Pods-FristrationsTests.release.xcconfig"; path = "Pods/Target Support Files/Pods-FristrationsTests/Pods-FristrationsTests.release.xcconfig"; sourceTree = "<group>"; };
		A6FA156E43C5969C03058242 /* Pods-FristrationsUITests.release.xcconfig */ = {isa = PBXFileReference; includeInIndex = 1; lastKnownFileType = text.xcconfig; name = "Pods-FristrationsUITests.release.xcconfig"; path = "Pods/Target Support Files/Pods-FristrationsUITests/Pods-FristrationsUITests.release.xcconfig"; sourceTree = "<group>"; };
		AED84E1570B2AC936E7FFE4A /* Pods-Fristrations.release.xcconfig */ = {isa = PBXFileReference; includeInIndex = 1; lastKnownFileType = text.xcconfig; name = "Pods-Fristrations.release.xcconfig"; path = "Pods/Target Support Files/Pods-Fristrations/Pods-Fristrations.release.xcconfig"; sourceTree = "<group>"; };
		C6688A3CAA796C9279248C3B /* Pods_FristrationsUITests.framework */ = {isa = PBXFileReference; explicitFileType = wrapper.framework; includeInIndex = 0; path = Pods_FristrationsUITests.framework; sourceTree = BUILT_PRODUCTS_DIR; };
		C9E2074BD0096D5228F47BF5 /* Pods_FristrationsTests.framework */ = {isa = PBXFileReference; explicitFileType = wrapper.framework; includeInIndex = 0; path = Pods_FristrationsTests.framework; sourceTree = BUILT_PRODUCTS_DIR; };
		DB0968E91CC714B0008F5D10 /* CustomCell.swift */ = {isa = PBXFileReference; fileEncoding = 4; lastKnownFileType = sourcecode.swift; path = CustomCell.swift; sourceTree = "<group>"; };
		DB11046B1CD8273E004448FB /* UserViewController.swift */ = {isa = PBXFileReference; fileEncoding = 4; lastKnownFileType = sourcecode.swift; path = UserViewController.swift; sourceTree = "<group>"; };
		DB324BD71CAF90A800019734 /* AppDelegate.swift */ = {isa = PBXFileReference; lastKnownFileType = sourcecode.swift; path = AppDelegate.swift; sourceTree = "<group>"; };
		DB324BDE1CAF90A800019734 /* Base */ = {isa = PBXFileReference; lastKnownFileType = file.storyboard; name = Base; path = Base.lproj/Main.storyboard; sourceTree = "<group>"; };
		DB324BE01CAF90A800019734 /* Assets.xcassets */ = {isa = PBXFileReference; lastKnownFileType = folder.assetcatalog; path = Assets.xcassets; sourceTree = "<group>"; };
		DB324BE31CAF90A800019734 /* Base */ = {isa = PBXFileReference; lastKnownFileType = file.storyboard; name = Base; path = Base.lproj/LaunchScreen.storyboard; sourceTree = "<group>"; };
		DB324BE51CAF90A800019734 /* Info.plist */ = {isa = PBXFileReference; lastKnownFileType = text.plist.xml; path = Info.plist; sourceTree = "<group>"; };
		DB324BEE1CAF90A800019734 /* FristrationsTests.swift */ = {isa = PBXFileReference; lastKnownFileType = sourcecode.swift; path = FristrationsTests.swift; sourceTree = "<group>"; };
		DB324BF01CAF90A800019734 /* Info.plist */ = {isa = PBXFileReference; lastKnownFileType = text.plist.xml; path = Info.plist; sourceTree = "<group>"; };
		DB324BF91CAF90A900019734 /* FristrationsUITests.swift */ = {isa = PBXFileReference; lastKnownFileType = sourcecode.swift; path = FristrationsUITests.swift; sourceTree = "<group>"; };
		DB324BFB1CAF90A900019734 /* Info.plist */ = {isa = PBXFileReference; lastKnownFileType = text.plist.xml; path = Info.plist; sourceTree = "<group>"; };
		DB324C071CAF90E000019734 /* CFNetwork.framework */ = {isa = PBXFileReference; lastKnownFileType = wrapper.framework; name = CFNetwork.framework; path = System/Library/Frameworks/CFNetwork.framework; sourceTree = SDKROOT; };
		DB324C091CAF90E900019734 /* SystemConfiguration.framework */ = {isa = PBXFileReference; lastKnownFileType = wrapper.framework; name = SystemConfiguration.framework; path = System/Library/Frameworks/SystemConfiguration.framework; sourceTree = SDKROOT; };
		DB324C0B1CAF90F600019734 /* libc++.tbd */ = {isa = PBXFileReference; lastKnownFileType = "sourcecode.text-based-dylib-definition"; name = "libc++.tbd"; path = "usr/lib/libc++.tbd"; sourceTree = SDKROOT; };
		DB324C0D1CAF90FD00019734 /* libicucore.tbd */ = {isa = PBXFileReference; lastKnownFileType = "sourcecode.text-based-dylib-definition"; name = libicucore.tbd; path = usr/lib/libicucore.tbd; sourceTree = SDKROOT; };
		DB324C0F1CAF910700019734 /* Security.framework */ = {isa = PBXFileReference; lastKnownFileType = wrapper.framework; name = Security.framework; path = System/Library/Frameworks/Security.framework; sourceTree = SDKROOT; };
		DB9221D41CAF95D9002C7C21 /* Fristrations-Bridging-Header.h */ = {isa = PBXFileReference; lastKnownFileType = sourcecode.c.h; path = "Fristrations-Bridging-Header.h"; sourceTree = "<group>"; };
		DB9590041CB0726F00055E61 /* FirstFloor.swift */ = {isa = PBXFileReference; fileEncoding = 4; lastKnownFileType = sourcecode.swift; path = FirstFloor.swift; sourceTree = "<group>"; };
		DB9590061CB072F000055E61 /* SecondFloor.swift */ = {isa = PBXFileReference; fileEncoding = 4; lastKnownFileType = sourcecode.swift; path = SecondFloor.swift; sourceTree = "<group>"; };
		DB9590081CB0740A00055E61 /* ThirdFloor.swift */ = {isa = PBXFileReference; fileEncoding = 4; lastKnownFileType = sourcecode.swift; path = ThirdFloor.swift; sourceTree = "<group>"; };
		DBA4C3251CAF97FA00EFCA8F /* AvailableViewController.swift */ = {isa = PBXFileReference; fileEncoding = 4; lastKnownFileType = sourcecode.swift; path = AvailableViewController.swift; sourceTree = "<group>"; };
		DBA4C3271CAF982000EFCA8F /* DillonViewController.swift */ = {isa = PBXFileReference; fileEncoding = 4; lastKnownFileType = sourcecode.swift; path = DillonViewController.swift; sourceTree = "<group>"; };
		DBA4C32B1CAF989A00EFCA8F /* BrowseViewController.swift */ = {isa = PBXFileReference; fileEncoding = 4; lastKnownFileType = sourcecode.swift; path = BrowseViewController.swift; sourceTree = "<group>"; };
		F3A8ECBC61DC113CD377DDBB /* Pods_Fristrations.framework */ = {isa = PBXFileReference; explicitFileType = wrapper.framework; includeInIndex = 0; path = Pods_Fristrations.framework; sourceTree = BUILT_PRODUCTS_DIR; };
		F67EE7E8B06BD1C7AC950056 /* Pods-FristrationsUITests.debug.xcconfig */ = {isa = PBXFileReference; includeInIndex = 1; lastKnownFileType = text.xcconfig; name = "Pods-FristrationsUITests.debug.xcconfig"; path = "Pods/Target Support Files/Pods-FristrationsUITests/Pods-FristrationsUITests.debug.xcconfig"; sourceTree = "<group>"; };
		F960395E187E617B6B9683F7 /* Pods-Fristrations.debug.xcconfig */ = {isa = PBXFileReference; includeInIndex = 1; lastKnownFileType = text.xcconfig; name = "Pods-Fristrations.debug.xcconfig"; path = "Pods/Target Support Files/Pods-Fristrations/Pods-Fristrations.debug.xcconfig"; sourceTree = "<group>"; };
/* End PBXFileReference section */

/* Begin PBXFrameworksBuildPhase section */
		DB324BD11CAF90A800019734 /* Frameworks */ = {
			isa = PBXFrameworksBuildPhase;
			buildActionMask = 2147483647;
			files = (
				DB324C101CAF910700019734 /* Security.framework in Frameworks */,
				DB324C0E1CAF90FD00019734 /* libicucore.tbd in Frameworks */,
				DB324C0C1CAF90F600019734 /* libc++.tbd in Frameworks */,
				DB324C0A1CAF90E900019734 /* SystemConfiguration.framework in Frameworks */,
				DB324C081CAF90E000019734 /* CFNetwork.framework in Frameworks */,
				46CDAEC47D6813184D25A360 /* Pods_Fristrations.framework in Frameworks */,
			);
			runOnlyForDeploymentPostprocessing = 0;
		};
		DB324BE71CAF90A800019734 /* Frameworks */ = {
			isa = PBXFrameworksBuildPhase;
			buildActionMask = 2147483647;
			files = (
				9A0F0E0CED0B07E11D7511E6 /* Pods_FristrationsTests.framework in Frameworks */,
			);
			runOnlyForDeploymentPostprocessing = 0;
		};
		DB324BF21CAF90A800019734 /* Frameworks */ = {
			isa = PBXFrameworksBuildPhase;
			buildActionMask = 2147483647;
			files = (
				C03DFA2AA0025C2312294815 /* Pods_FristrationsUITests.framework in Frameworks */,
			);
			runOnlyForDeploymentPostprocessing = 0;
		};
/* End PBXFrameworksBuildPhase section */

/* Begin PBXGroup section */
		7709C6521CD3CE4F0048D8F5 /* Images */ = {
			isa = PBXGroup;
			children = (
				7709C6531CD3CE4F0048D8F5 /* facebook-icon.png */,
				7709C6541CD3CE4F0048D8F5 /* fp200.png */,
				7709C6551CD3CE4F0048D8F5 /* splash.png */,
			);
			path = Images;
			sourceTree = "<group>";
		};
		D8C019057CB00849867B76CE /* Frameworks */ = {
			isa = PBXGroup;
			children = (
				F3A8ECBC61DC113CD377DDBB /* Pods_Fristrations.framework */,
				C9E2074BD0096D5228F47BF5 /* Pods_FristrationsTests.framework */,
				C6688A3CAA796C9279248C3B /* Pods_FristrationsUITests.framework */,
			);
			name = Frameworks;
			sourceTree = "<group>";
		};
		DB324BCB1CAF90A800019734 = {
			isa = PBXGroup;
			children = (
				7702A4071CD1550C0034CD2B /* splash.png */,
				DB324C0F1CAF910700019734 /* Security.framework */,
				DB324C0D1CAF90FD00019734 /* libicucore.tbd */,
				DB324C0B1CAF90F600019734 /* libc++.tbd */,
				DB324C091CAF90E900019734 /* SystemConfiguration.framework */,
				DB324C071CAF90E000019734 /* CFNetwork.framework */,
				DB324BD61CAF90A800019734 /* Fristrations */,
				DB324BED1CAF90A800019734 /* FristrationsTests */,
				DB324BF81CAF90A900019734 /* FristrationsUITests */,
				6CE1D42D1CCF0A3D009F48B5 /* Fristrations.app */,
				7702A4051CCFCD900034CD2B /* FristrationsTests.xctest */,
				7702A4061CCFCD900034CD2B /* FristrationsUITests.xctest */,
				E930C8101A2A5D84C30FADCA /* Pods */,
				D8C019057CB00849867B76CE /* Frameworks */,
			);
			sourceTree = "<group>";
		};
		DB324BD61CAF90A800019734 /* Fristrations */ = {
			isa = PBXGroup;
			children = (
				DB324BD71CAF90A800019734 /* AppDelegate.swift */,
				DB324BDD1CAF90A800019734 /* Main.storyboard */,
				7709C6521CD3CE4F0048D8F5 /* Images */,
				DB324BE01CAF90A800019734 /* Assets.xcassets */,
				DB324BE21CAF90A800019734 /* LaunchScreen.storyboard */,
				64E6BF871CC3131F00CD69B8 /* fp200.png */,
				DB324BE51CAF90A800019734 /* Info.plist */,
				DB9221D41CAF95D9002C7C21 /* Fristrations-Bridging-Header.h */,
				DBA4C32B1CAF989A00EFCA8F /* BrowseViewController.swift */,
				DBA4C3251CAF97FA00EFCA8F /* AvailableViewController.swift */,
				7709C6591CD3D9150048D8F5 /* MoreViewController.swift */,
				DBA4C3271CAF982000EFCA8F /* DillonViewController.swift */,
				644A0AD31CBC95CE00846C32 /* RoomInfo.swift */,
				DB9590041CB0726F00055E61 /* FirstFloor.swift */,
				DB11046B1CD8273E004448FB /* UserViewController.swift */,
				DB9590061CB072F000055E61 /* SecondFloor.swift */,
				DB9590081CB0740A00055E61 /* ThirdFloor.swift */,
				DB0968E91CC714B0008F5D10 /* CustomCell.swift */,
				6443E9BF1CD85D9D00667586 /* ReservationsViewController.swift */,
				6443E9C11CD85DB300667586 /* FavoritesViewController.swift */,
			);
			path = Fristrations;
			sourceTree = "<group>";
		};
		DB324BED1CAF90A800019734 /* FristrationsTests */ = {
			isa = PBXGroup;
			children = (
				DB324BEE1CAF90A800019734 /* FristrationsTests.swift */,
				DB324BF01CAF90A800019734 /* Info.plist */,
			);
			path = FristrationsTests;
			sourceTree = "<group>";
		};
		DB324BF81CAF90A900019734 /* FristrationsUITests */ = {
			isa = PBXGroup;
			children = (
				DB324BF91CAF90A900019734 /* FristrationsUITests.swift */,
				DB324BFB1CAF90A900019734 /* Info.plist */,
			);
			path = FristrationsUITests;
			sourceTree = "<group>";
		};
		E930C8101A2A5D84C30FADCA /* Pods */ = {
			isa = PBXGroup;
			children = (
				F960395E187E617B6B9683F7 /* Pods-Fristrations.debug.xcconfig */,
				AED84E1570B2AC936E7FFE4A /* Pods-Fristrations.release.xcconfig */,
				5FA2572333D54484B58346B0 /* Pods-FristrationsTests.debug.xcconfig */,
				95A36F151D372CD2FD99ADF7 /* Pods-FristrationsTests.release.xcconfig */,
				F67EE7E8B06BD1C7AC950056 /* Pods-FristrationsUITests.debug.xcconfig */,
				A6FA156E43C5969C03058242 /* Pods-FristrationsUITests.release.xcconfig */,
			);
			name = Pods;
			sourceTree = "<group>";
		};
/* End PBXGroup section */

/* Begin PBXNativeTarget section */
		DB324BD31CAF90A800019734 /* Fristrations */ = {
			isa = PBXNativeTarget;
			buildConfigurationList = DB324BFE1CAF90A900019734 /* Build configuration list for PBXNativeTarget "Fristrations" */;
			buildPhases = (
				0D4DB432E34768E484E83B59 /* 📦 Check Pods Manifest.lock */,
				DB324BD01CAF90A800019734 /* Sources */,
				DB324BD11CAF90A800019734 /* Frameworks */,
				DB324BD21CAF90A800019734 /* Resources */,
				B79A617635E7120E3D8F0AF2 /* 📦 Embed Pods Frameworks */,
				810FFBDF79405E535487C5E1 /* 📦 Copy Pods Resources */,
			);
			buildRules = (
			);
			dependencies = (
			);
			name = Fristrations;
			productName = Fristrations;
			productReference = 6CE1D42D1CCF0A3D009F48B5 /* Fristrations.app */;
			productType = "com.apple.product-type.application";
		};
		DB324BE91CAF90A800019734 /* FristrationsTests */ = {
			isa = PBXNativeTarget;
			buildConfigurationList = DB324C011CAF90A900019734 /* Build configuration list for PBXNativeTarget "FristrationsTests" */;
			buildPhases = (
				EB5E74FCA915F1E19655D05E /* 📦 Check Pods Manifest.lock */,
				DB324BE61CAF90A800019734 /* Sources */,
				DB324BE71CAF90A800019734 /* Frameworks */,
				DB324BE81CAF90A800019734 /* Resources */,
				FF5DE7B53938744C3E277A35 /* 📦 Embed Pods Frameworks */,
				FB8AEAFC15B3B2E0B44A4C58 /* 📦 Copy Pods Resources */,
			);
			buildRules = (
			);
			dependencies = (
				DB324BEC1CAF90A800019734 /* PBXTargetDependency */,
			);
			name = FristrationsTests;
			productName = FristrationsTests;
			productReference = 7702A4051CCFCD900034CD2B /* FristrationsTests.xctest */;
			productType = "com.apple.product-type.bundle.unit-test";
		};
		DB324BF41CAF90A800019734 /* FristrationsUITests */ = {
			isa = PBXNativeTarget;
			buildConfigurationList = DB324C041CAF90A900019734 /* Build configuration list for PBXNativeTarget "FristrationsUITests" */;
			buildPhases = (
				988B94645969CBB5C8E525A0 /* 📦 Check Pods Manifest.lock */,
				DB324BF11CAF90A800019734 /* Sources */,
				DB324BF21CAF90A800019734 /* Frameworks */,
				DB324BF31CAF90A800019734 /* Resources */,
				A0FCAED330A24FFC11B5C163 /* 📦 Copy Pods Resources */,
			);
			buildRules = (
			);
			dependencies = (
				DB324BF71CAF90A900019734 /* PBXTargetDependency */,
			);
			name = FristrationsUITests;
			productName = FristrationsUITests;
			productReference = 7702A4061CCFCD900034CD2B /* FristrationsUITests.xctest */;
			productType = "com.apple.product-type.bundle.ui-testing";
		};
/* End PBXNativeTarget section */

/* Begin PBXProject section */
		DB324BCC1CAF90A800019734 /* Project object */ = {
			isa = PBXProject;
			attributes = {
				LastSwiftUpdateCheck = 0720;
				LastUpgradeCheck = 0720;
				ORGANIZATIONNAME = "Stephanie Liu";
				TargetAttributes = {
					DB324BD31CAF90A800019734 = {
						CreatedOnToolsVersion = 7.2.1;
						DevelopmentTeam = LJ2BWEX7B9;
					};
					DB324BE91CAF90A800019734 = {
						CreatedOnToolsVersion = 7.2.1;
						DevelopmentTeam = X7HANK79W5;
						TestTargetID = DB324BD31CAF90A800019734;
					};
					DB324BF41CAF90A800019734 = {
						CreatedOnToolsVersion = 7.2.1;
						DevelopmentTeam = X7HANK79W5;
						TestTargetID = DB324BD31CAF90A800019734;
					};
				};
			};
			buildConfigurationList = DB324BCF1CAF90A800019734 /* Build configuration list for PBXProject "Fristrations" */;
			compatibilityVersion = "Xcode 3.2";
			developmentRegion = English;
			hasScannedForEncodings = 0;
			knownRegions = (
				en,
				Base,
				af,
				ar,
				bn,
				cs,
				da,
				de,
				el,
				"es-ES",
				es,
				fi,
				fr,
				gu,
				he,
				hi,
				hr,
				hu,
				id,
				it,
				ja,
				ko,
				ml,
				mr,
				ms,
				nb,
				nl,
				pa,
				pl,
				"pt-PT",
				pt,
				ro,
				ru,
				sk,
				sv,
				ta,
				te,
				th,
				tl,
				tr,
				vi,
				"zh-Hant-HK",
				"zh-Hant-TW",
				zh,
			);
			mainGroup = DB324BCB1CAF90A800019734;
			productRefGroup = DB324BCB1CAF90A800019734;
			projectDirPath = "";
			projectRoot = "";
			targets = (
				DB324BD31CAF90A800019734 /* Fristrations */,
				DB324BE91CAF90A800019734 /* FristrationsTests */,
				DB324BF41CAF90A800019734 /* FristrationsUITests */,
			);
		};
/* End PBXProject section */

/* Begin PBXResourcesBuildPhase section */
		DB324BD21CAF90A800019734 /* Resources */ = {
			isa = PBXResourcesBuildPhase;
			buildActionMask = 2147483647;
			files = (
				7709C6581CD3CE4F0048D8F5 /* splash.png in Resources */,
				64E6BF881CC3131F00CD69B8 /* fp200.png in Resources */,
				DB324BE41CAF90A800019734 /* LaunchScreen.storyboard in Resources */,
				DB324BE11CAF90A800019734 /* Assets.xcassets in Resources */,
				DB324BDF1CAF90A800019734 /* Main.storyboard in Resources */,
				7709C6561CD3CE4F0048D8F5 /* facebook-icon.png in Resources */,
				7702A4081CD1550C0034CD2B /* splash.png in Resources */,
				7709C6571CD3CE4F0048D8F5 /* fp200.png in Resources */,
			);
			runOnlyForDeploymentPostprocessing = 0;
		};
		DB324BE81CAF90A800019734 /* Resources */ = {
			isa = PBXResourcesBuildPhase;
			buildActionMask = 2147483647;
			files = (
			);
			runOnlyForDeploymentPostprocessing = 0;
		};
		DB324BF31CAF90A800019734 /* Resources */ = {
			isa = PBXResourcesBuildPhase;
			buildActionMask = 2147483647;
			files = (
			);
			runOnlyForDeploymentPostprocessing = 0;
		};
/* End PBXResourcesBuildPhase section */

/* Begin PBXShellScriptBuildPhase section */
		0D4DB432E34768E484E83B59 /* 📦 Check Pods Manifest.lock */ = {
			isa = PBXShellScriptBuildPhase;
			buildActionMask = 2147483647;
			files = (
			);
			inputPaths = (
			);
			name = "📦 Check Pods Manifest.lock";
			outputPaths = (
			);
			runOnlyForDeploymentPostprocessing = 0;
			shellPath = /bin/sh;
			shellScript = "diff \"${PODS_ROOT}/../Podfile.lock\" \"${PODS_ROOT}/Manifest.lock\" > /dev/null\nif [[ $? != 0 ]] ; then\n    cat << EOM\nerror: The sandbox is not in sync with the Podfile.lock. Run 'pod install' or update your CocoaPods installation.\nEOM\n    exit 1\nfi\n";
			showEnvVarsInLog = 0;
		};
		810FFBDF79405E535487C5E1 /* 📦 Copy Pods Resources */ = {
			isa = PBXShellScriptBuildPhase;
			buildActionMask = 2147483647;
			files = (
			);
			inputPaths = (
			);
			name = "📦 Copy Pods Resources";
			outputPaths = (
			);
			runOnlyForDeploymentPostprocessing = 0;
			shellPath = /bin/sh;
			shellScript = "\"${SRCROOT}/Pods/Target Support Files/Pods-Fristrations/Pods-Fristrations-resources.sh\"\n";
			showEnvVarsInLog = 0;
		};
		988B94645969CBB5C8E525A0 /* 📦 Check Pods Manifest.lock */ = {
			isa = PBXShellScriptBuildPhase;
			buildActionMask = 2147483647;
			files = (
			);
			inputPaths = (
			);
			name = "📦 Check Pods Manifest.lock";
			outputPaths = (
			);
			runOnlyForDeploymentPostprocessing = 0;
			shellPath = /bin/sh;
			shellScript = "diff \"${PODS_ROOT}/../Podfile.lock\" \"${PODS_ROOT}/Manifest.lock\" > /dev/null\nif [[ $? != 0 ]] ; then\n    cat << EOM\nerror: The sandbox is not in sync with the Podfile.lock. Run 'pod install' or update your CocoaPods installation.\nEOM\n    exit 1\nfi\n";
			showEnvVarsInLog = 0;
		};
		A0FCAED330A24FFC11B5C163 /* 📦 Copy Pods Resources */ = {
			isa = PBXShellScriptBuildPhase;
			buildActionMask = 2147483647;
			files = (
			);
			inputPaths = (
			);
			name = "📦 Copy Pods Resources";
			outputPaths = (
			);
			runOnlyForDeploymentPostprocessing = 0;
			shellPath = /bin/sh;
			shellScript = "\"${SRCROOT}/Pods/Target Support Files/Pods-FristrationsUITests/Pods-FristrationsUITests-resources.sh\"\n";
			showEnvVarsInLog = 0;
		};
		B79A617635E7120E3D8F0AF2 /* 📦 Embed Pods Frameworks */ = {
			isa = PBXShellScriptBuildPhase;
			buildActionMask = 2147483647;
			files = (
			);
			inputPaths = (
			);
			name = "📦 Embed Pods Frameworks";
			outputPaths = (
			);
			runOnlyForDeploymentPostprocessing = 0;
			shellPath = /bin/sh;
			shellScript = "\"${SRCROOT}/Pods/Target Support Files/Pods-Fristrations/Pods-Fristrations-frameworks.sh\"\n";
			showEnvVarsInLog = 0;
		};
		EB5E74FCA915F1E19655D05E /* 📦 Check Pods Manifest.lock */ = {
			isa = PBXShellScriptBuildPhase;
			buildActionMask = 2147483647;
			files = (
			);
			inputPaths = (
			);
			name = "📦 Check Pods Manifest.lock";
			outputPaths = (
			);
			runOnlyForDeploymentPostprocessing = 0;
			shellPath = /bin/sh;
			shellScript = "diff \"${PODS_ROOT}/../Podfile.lock\" \"${PODS_ROOT}/Manifest.lock\" > /dev/null\nif [[ $? != 0 ]] ; then\n    cat << EOM\nerror: The sandbox is not in sync with the Podfile.lock. Run 'pod install' or update your CocoaPods installation.\nEOM\n    exit 1\nfi\n";
			showEnvVarsInLog = 0;
		};
		FB8AEAFC15B3B2E0B44A4C58 /* 📦 Copy Pods Resources */ = {
			isa = PBXShellScriptBuildPhase;
			buildActionMask = 2147483647;
			files = (
			);
			inputPaths = (
			);
			name = "📦 Copy Pods Resources";
			outputPaths = (
			);
			runOnlyForDeploymentPostprocessing = 0;
			shellPath = /bin/sh;
			shellScript = "\"${SRCROOT}/Pods/Target Support Files/Pods-FristrationsTests/Pods-FristrationsTests-resources.sh\"\n";
			showEnvVarsInLog = 0;
		};
		FF5DE7B53938744C3E277A35 /* 📦 Embed Pods Frameworks */ = {
			isa = PBXShellScriptBuildPhase;
			buildActionMask = 2147483647;
			files = (
			);
			inputPaths = (
			);
			name = "📦 Embed Pods Frameworks";
			outputPaths = (
			);
			runOnlyForDeploymentPostprocessing = 0;
			shellPath = /bin/sh;
			shellScript = "\"${SRCROOT}/Pods/Target Support Files/Pods-FristrationsTests/Pods-FristrationsTests-frameworks.sh\"\n";
			showEnvVarsInLog = 0;
		};
/* End PBXShellScriptBuildPhase section */

/* Begin PBXSourcesBuildPhase section */
		DB324BD01CAF90A800019734 /* Sources */ = {
			isa = PBXSourcesBuildPhase;
			buildActionMask = 2147483647;
			files = (
				6443E9C21CD85DB300667586 /* FavoritesViewController.swift in Sources */,
				DB9590091CB0740A00055E61 /* ThirdFloor.swift in Sources */,
				DBA4C3261CAF97FA00EFCA8F /* AvailableViewController.swift in Sources */,
				6443E9C01CD85D9D00667586 /* ReservationsViewController.swift in Sources */,
				DB0968EA1CC714B0008F5D10 /* CustomCell.swift in Sources */,
				DB11046C1CD8273E004448FB /* UserViewController.swift in Sources */,
				DB9590051CB0726F00055E61 /* FirstFloor.swift in Sources */,
				7709C65A1CD3D9150048D8F5 /* MoreViewController.swift in Sources */,
				DBA4C3281CAF982000EFCA8F /* DillonViewController.swift in Sources */,
				644A0AD41CBC95CE00846C32 /* RoomInfo.swift in Sources */,
				DB9590071CB072F000055E61 /* SecondFloor.swift in Sources */,
				DBA4C32C1CAF989A00EFCA8F /* BrowseViewController.swift in Sources */,
				DB324BD81CAF90A800019734 /* AppDelegate.swift in Sources */,
			);
			runOnlyForDeploymentPostprocessing = 0;
		};
		DB324BE61CAF90A800019734 /* Sources */ = {
			isa = PBXSourcesBuildPhase;
			buildActionMask = 2147483647;
			files = (
				DB324BEF1CAF90A800019734 /* FristrationsTests.swift in Sources */,
			);
			runOnlyForDeploymentPostprocessing = 0;
		};
		DB324BF11CAF90A800019734 /* Sources */ = {
			isa = PBXSourcesBuildPhase;
			buildActionMask = 2147483647;
			files = (
				DB324BFA1CAF90A900019734 /* FristrationsUITests.swift in Sources */,
			);
			runOnlyForDeploymentPostprocessing = 0;
		};
/* End PBXSourcesBuildPhase section */

/* Begin PBXTargetDependency section */
		DB324BEC1CAF90A800019734 /* PBXTargetDependency */ = {
			isa = PBXTargetDependency;
			target = DB324BD31CAF90A800019734 /* Fristrations */;
			targetProxy = DB324BEB1CAF90A800019734 /* PBXContainerItemProxy */;
		};
		DB324BF71CAF90A900019734 /* PBXTargetDependency */ = {
			isa = PBXTargetDependency;
			target = DB324BD31CAF90A800019734 /* Fristrations */;
			targetProxy = DB324BF61CAF90A900019734 /* PBXContainerItemProxy */;
		};
/* End PBXTargetDependency section */

/* Begin PBXVariantGroup section */
		DB324BDD1CAF90A800019734 /* Main.storyboard */ = {
			isa = PBXVariantGroup;
			children = (
				DB324BDE1CAF90A800019734 /* Base */,
			);
			name = Main.storyboard;
			sourceTree = "<group>";
		};
		DB324BE21CAF90A800019734 /* LaunchScreen.storyboard */ = {
			isa = PBXVariantGroup;
			children = (
				DB324BE31CAF90A800019734 /* Base */,
			);
			name = LaunchScreen.storyboard;
			sourceTree = "<group>";
		};
/* End PBXVariantGroup section */

/* Begin XCBuildConfiguration section */
		DB324BFC1CAF90A900019734 /* Debug */ = {
			isa = XCBuildConfiguration;
			buildSettings = {
				ALWAYS_SEARCH_USER_PATHS = NO;
				CLANG_CXX_LANGUAGE_STANDARD = "gnu++0x";
				CLANG_CXX_LIBRARY = "libc++";
				CLANG_ENABLE_MODULES = YES;
				CLANG_ENABLE_OBJC_ARC = YES;
				CLANG_WARN_BOOL_CONVERSION = YES;
				CLANG_WARN_CONSTANT_CONVERSION = YES;
				CLANG_WARN_DIRECT_OBJC_ISA_USAGE = YES_ERROR;
				CLANG_WARN_EMPTY_BODY = YES;
				CLANG_WARN_ENUM_CONVERSION = YES;
				CLANG_WARN_INT_CONVERSION = YES;
				CLANG_WARN_OBJC_ROOT_CLASS = YES_ERROR;
				CLANG_WARN_UNREACHABLE_CODE = YES;
				CLANG_WARN__DUPLICATE_METHOD_MATCH = YES;
				"CODE_SIGN_IDENTITY[sdk=iphoneos*]" = "iPhone Developer";
				COPY_PHASE_STRIP = NO;
				DEBUG_INFORMATION_FORMAT = dwarf;
				ENABLE_STRICT_OBJC_MSGSEND = YES;
				ENABLE_TESTABILITY = YES;
				GCC_C_LANGUAGE_STANDARD = gnu99;
				GCC_DYNAMIC_NO_PIC = NO;
				GCC_NO_COMMON_BLOCKS = YES;
				GCC_OPTIMIZATION_LEVEL = 0;
				GCC_PREPROCESSOR_DEFINITIONS = (
					"DEBUG=1",
					"$(inherited)",
				);
				GCC_WARN_64_TO_32_BIT_CONVERSION = YES;
				GCC_WARN_ABOUT_RETURN_TYPE = YES_ERROR;
				GCC_WARN_UNDECLARED_SELECTOR = YES;
				GCC_WARN_UNINITIALIZED_AUTOS = YES_AGGRESSIVE;
				GCC_WARN_UNUSED_FUNCTION = YES;
				GCC_WARN_UNUSED_VARIABLE = YES;
				IPHONEOS_DEPLOYMENT_TARGET = 9.2;
				MTL_ENABLE_DEBUG_INFO = YES;
				ONLY_ACTIVE_ARCH = YES;
				SDKROOT = iphoneos;
				SWIFT_OPTIMIZATION_LEVEL = "-Onone";
				TARGETED_DEVICE_FAMILY = "1,2";
			};
			name = Debug;
		};
		DB324BFD1CAF90A900019734 /* Release */ = {
			isa = XCBuildConfiguration;
			buildSettings = {
				ALWAYS_SEARCH_USER_PATHS = NO;
				CLANG_CXX_LANGUAGE_STANDARD = "gnu++0x";
				CLANG_CXX_LIBRARY = "libc++";
				CLANG_ENABLE_MODULES = YES;
				CLANG_ENABLE_OBJC_ARC = YES;
				CLANG_WARN_BOOL_CONVERSION = YES;
				CLANG_WARN_CONSTANT_CONVERSION = YES;
				CLANG_WARN_DIRECT_OBJC_ISA_USAGE = YES_ERROR;
				CLANG_WARN_EMPTY_BODY = YES;
				CLANG_WARN_ENUM_CONVERSION = YES;
				CLANG_WARN_INT_CONVERSION = YES;
				CLANG_WARN_OBJC_ROOT_CLASS = YES_ERROR;
				CLANG_WARN_UNREACHABLE_CODE = YES;
				CLANG_WARN__DUPLICATE_METHOD_MATCH = YES;
				"CODE_SIGN_IDENTITY[sdk=iphoneos*]" = "iPhone Developer";
				COPY_PHASE_STRIP = NO;
				DEBUG_INFORMATION_FORMAT = "dwarf-with-dsym";
				ENABLE_NS_ASSERTIONS = NO;
				ENABLE_STRICT_OBJC_MSGSEND = YES;
				GCC_C_LANGUAGE_STANDARD = gnu99;
				GCC_NO_COMMON_BLOCKS = YES;
				GCC_WARN_64_TO_32_BIT_CONVERSION = YES;
				GCC_WARN_ABOUT_RETURN_TYPE = YES_ERROR;
				GCC_WARN_UNDECLARED_SELECTOR = YES;
				GCC_WARN_UNINITIALIZED_AUTOS = YES_AGGRESSIVE;
				GCC_WARN_UNUSED_FUNCTION = YES;
				GCC_WARN_UNUSED_VARIABLE = YES;
				IPHONEOS_DEPLOYMENT_TARGET = 9.2;
				MTL_ENABLE_DEBUG_INFO = NO;
				SDKROOT = iphoneos;
				TARGETED_DEVICE_FAMILY = "1,2";
				VALIDATE_PRODUCT = YES;
			};
			name = Release;
		};
		DB324BFF1CAF90A900019734 /* Debug */ = {
			isa = XCBuildConfiguration;
			baseConfigurationReference = F960395E187E617B6B9683F7 /* Pods-Fristrations.debug.xcconfig */;
			buildSettings = {
				ASSETCATALOG_COMPILER_APPICON_NAME = AppIcon;
				CLANG_ENABLE_MODULES = YES;
				CODE_SIGN_IDENTITY = "iPhone Developer";
				"CODE_SIGN_IDENTITY[sdk=iphoneos*]" = "iPhone Developer";
				FRAMEWORK_SEARCH_PATHS = (
					"$(inherited)",
					"$(PROJECT_DIR)/Fristrations",
					"$(PROJECT_DIR)",
					"$(PROJECT_DIR)/FacebookSDKs-iOS-20160412",
				);
				INFOPLIST_FILE = Fristrations/Info.plist;
				IPHONEOS_DEPLOYMENT_TARGET = 8.0;
				LD_RUNPATH_SEARCH_PATHS = "$(inherited) @executable_path/Frameworks";
				"OTHER_LDFLAGS[arch=*]" = "-ObjC";
				PRODUCT_BUNDLE_IDENTIFIER = Pton.COS333.Fristrations;
				PRODUCT_NAME = "$(TARGET_NAME)";
				PROVISIONING_PROFILE = "";
				SWIFT_OBJC_BRIDGING_HEADER = "Fristrations/Fristrations-Bridging-Header.h";
				SWIFT_OPTIMIZATION_LEVEL = "-Onone";
			};
			name = Debug;
		};
		DB324C001CAF90A900019734 /* Release */ = {
			isa = XCBuildConfiguration;
			baseConfigurationReference = AED84E1570B2AC936E7FFE4A /* Pods-Fristrations.release.xcconfig */;
			buildSettings = {
				ASSETCATALOG_COMPILER_APPICON_NAME = AppIcon;
				CLANG_ENABLE_MODULES = YES;
				CODE_SIGN_IDENTITY = "iPhone Developer";
				"CODE_SIGN_IDENTITY[sdk=iphoneos*]" = "iPhone Developer";
				FRAMEWORK_SEARCH_PATHS = (
					"$(inherited)",
					"$(PROJECT_DIR)/Fristrations",
					"$(PROJECT_DIR)",
					"$(PROJECT_DIR)/FacebookSDKs-iOS-20160412",
				);
				INFOPLIST_FILE = Fristrations/Info.plist;
				IPHONEOS_DEPLOYMENT_TARGET = 8.0;
				LD_RUNPATH_SEARCH_PATHS = "$(inherited) @executable_path/Frameworks";
				"OTHER_LDFLAGS[arch=*]" = "-ObjC";
				PRODUCT_BUNDLE_IDENTIFIER = Pton.COS333.Fristrations;
				PRODUCT_NAME = "$(TARGET_NAME)";
				PROVISIONING_PROFILE = "";
				SWIFT_OBJC_BRIDGING_HEADER = "Fristrations/Fristrations-Bridging-Header.h";
			};
			name = Release;
		};
		DB324C021CAF90A900019734 /* Debug */ = {
			isa = XCBuildConfiguration;
			baseConfigurationReference = 5FA2572333D54484B58346B0 /* Pods-FristrationsTests.debug.xcconfig */;
			buildSettings = {
				BUNDLE_LOADER = "$(TEST_HOST)";
				INFOPLIST_FILE = FristrationsTests/Info.plist;
				LD_RUNPATH_SEARCH_PATHS = "$(inherited) @executable_path/Frameworks @loader_path/Frameworks";
				PRODUCT_BUNDLE_IDENTIFIER = Princeton.FristrationsTests;
				PRODUCT_NAME = "$(TARGET_NAME)";
				TEST_HOST = "$(BUILT_PRODUCTS_DIR)/Fristrations.app/Fristrations";
			};
			name = Debug;
		};
		DB324C031CAF90A900019734 /* Release */ = {
			isa = XCBuildConfiguration;
			baseConfigurationReference = 95A36F151D372CD2FD99ADF7 /* Pods-FristrationsTests.release.xcconfig */;
			buildSettings = {
				BUNDLE_LOADER = "$(TEST_HOST)";
				INFOPLIST_FILE = FristrationsTests/Info.plist;
				LD_RUNPATH_SEARCH_PATHS = "$(inherited) @executable_path/Frameworks @loader_path/Frameworks";
				PRODUCT_BUNDLE_IDENTIFIER = Princeton.FristrationsTests;
				PRODUCT_NAME = "$(TARGET_NAME)";
				TEST_HOST = "$(BUILT_PRODUCTS_DIR)/Fristrations.app/Fristrations";
			};
			name = Release;
		};
		DB324C051CAF90A900019734 /* Debug */ = {
			isa = XCBuildConfiguration;
			baseConfigurationReference = F67EE7E8B06BD1C7AC950056 /* Pods-FristrationsUITests.debug.xcconfig */;
			buildSettings = {
				INFOPLIST_FILE = FristrationsUITests/Info.plist;
				LD_RUNPATH_SEARCH_PATHS = "$(inherited) @executable_path/Frameworks @loader_path/Frameworks";
				PRODUCT_BUNDLE_IDENTIFIER = Princeton.FristrationsUITests;
				PRODUCT_NAME = "$(TARGET_NAME)";
				TEST_TARGET_NAME = Fristrations;
				USES_XCTRUNNER = YES;
			};
			name = Debug;
		};
		DB324C061CAF90A900019734 /* Release */ = {
			isa = XCBuildConfiguration;
			baseConfigurationReference = A6FA156E43C5969C03058242 /* Pods-FristrationsUITests.release.xcconfig */;
			buildSettings = {
				INFOPLIST_FILE = FristrationsUITests/Info.plist;
				LD_RUNPATH_SEARCH_PATHS = "$(inherited) @executable_path/Frameworks @loader_path/Frameworks";
				PRODUCT_BUNDLE_IDENTIFIER = Princeton.FristrationsUITests;
				PRODUCT_NAME = "$(TARGET_NAME)";
				TEST_TARGET_NAME = Fristrations;
				USES_XCTRUNNER = YES;
			};
			name = Release;
		};
/* End XCBuildConfiguration section */

/* Begin XCConfigurationList section */
		DB324BCF1CAF90A800019734 /* Build configuration list for PBXProject "Fristrations" */ = {
			isa = XCConfigurationList;
			buildConfigurations = (
				DB324BFC1CAF90A900019734 /* Debug */,
				DB324BFD1CAF90A900019734 /* Release */,
			);
			defaultConfigurationIsVisible = 0;
			defaultConfigurationName = Release;
		};
		DB324BFE1CAF90A900019734 /* Build configuration list for PBXNativeTarget "Fristrations" */ = {
			isa = XCConfigurationList;
			buildConfigurations = (
				DB324BFF1CAF90A900019734 /* Debug */,
				DB324C001CAF90A900019734 /* Release */,
			);
			defaultConfigurationIsVisible = 0;
			defaultConfigurationName = Release;
		};
		DB324C011CAF90A900019734 /* Build configuration list for PBXNativeTarget "FristrationsTests" */ = {
			isa = XCConfigurationList;
			buildConfigurations = (
				DB324C021CAF90A900019734 /* Debug */,
				DB324C031CAF90A900019734 /* Release */,
			);
			defaultConfigurationIsVisible = 0;
			defaultConfigurationName = Release;
		};
		DB324C041CAF90A900019734 /* Build configuration list for PBXNativeTarget "FristrationsUITests" */ = {
			isa = XCConfigurationList;
			buildConfigurations = (
				DB324C051CAF90A900019734 /* Debug */,
				DB324C061CAF90A900019734 /* Release */,
			);
			defaultConfigurationIsVisible = 0;
			defaultConfigurationName = Release;
		};
/* End XCConfigurationList section */
	};
	rootObject = DB324BCC1CAF90A800019734 /* Project object */;
}
