PODS:
  - Firebase (2.5.1)
  - HTMLReader (0.9.6)
  - Kanna (1.0.6)

DEPENDENCIES:
  - Firebase (>= 2.5.1)
  - HTMLReader
  - Kanna

SPEC CHECKSUMS:
  Firebase: 3565ea88b830f28f2c77ecc524622bc71a20d085
  HTMLReader: 7e21488ee378afc56ccade8af35840c4e03e434c
  Kanna: 9f30945bbd293a609f698ea164687ccc0990ff60

COCOAPODS: 0.39.0
